{
  "nodes": {
    "flake-compat": {
      "flake": false,
      "locked": {
        "lastModified": 1650374568,
        "narHash": "sha256-Z+s0J8/r907g149rllvwhb4pKi8Wam5ij0st8PwAh+E=",
        "owner": "edolstra",
        "repo": "flake-compat",
        "rev": "b4a34015c698c7793d592d66adbab377907a2be8",
        "type": "github"
      },
      "original": {
        "owner": "edolstra",
        "repo": "flake-compat",
        "type": "github"
      }
    },
    "flake-utils": {
      "locked": {
        "lastModified": 1659877975,
        "narHash": "sha256-zllb8aq3YO3h8B/U0/J1WBgAL8EX5yWf5pMj3G0NAmc=",
        "owner": "numtide",
        "repo": "flake-utils",
        "rev": "c0e246b9b83f637f4681389ecabcb2681b4f3af0",
        "type": "github"
      },
      "original": {
        "owner": "numtide",
        "repo": "flake-utils",
        "type": "github"
      }
    },
    "mono-traversable": {
      "flake": false,
      "locked": {
        "lastModified": 1652787287,
        "narHash": "sha256-XgDtoSc+QRsRqJA+hPGQ3VfttLWGtA4vwvXnUUNH6NA=",
        "owner": "snoyberg",
        "repo": "mono-traversable",
        "rev": "28bb773905bf9cd17e42f85eda4e872a27717579",
        "type": "github"
      },
      "original": {
        "owner": "snoyberg",
        "repo": "mono-traversable",
        "type": "github"
      }
    },
    "nixpkgs": {
      "locked": {
        "lastModified": 1667482890,
        "narHash": "sha256-pua0jp87iwN7NBY5/ypx0s9L9CG49Ju/NI4wGwurHc4=",
        "owner": "nixos",
        "repo": "nixpkgs",
        "rev": "a2a777538d971c6b01c6e54af89ddd6567c055e8",
        "type": "github"
      },
      "original": {
        "owner": "nixos",
        "ref": "nixos-unstable",
        "repo": "nixpkgs",
        "type": "github"
      }
    },
    "root": {
      "inputs": {
        "flake-compat": "flake-compat",
        "flake-utils": "flake-utils",
        "mono-traversable": "mono-traversable",
        "nixpkgs": "nixpkgs",
        "slack-web": "slack-web"
      }
    },
    "slack-web": {
      "flake": false,
      "locked": {
        "lastModified": 1667595758,
        "narHash": "sha256-0dtI12Gcwd0pGLCzoNlew2AFTDkZhk2+GxzTfY6RS4k=",
        "owner": "mercurytechnologies",
        "repo": "slack-web",
        "rev": "836b2b81d02eb74c56527d285a0edfac7bc7bce2",
        "type": "github"
      },
      "original": {
        "owner": "mercurytechnologies",
        "repo": "slack-web",
        "type": "github"
      }
    }
  },
  "root": "root",
  "version": 7
}
