{
  "nodes": {
    "apply-refact": {
      "flake": false,
      "locked": {
        "lastModified": 1666418383,
        "narHash": "sha256-a/qTzS1dgDfjT1vnOkaMHegKtBo6F1j3q62HY8g0V/Y=",
        "owner": "july541",
        "repo": "apply-refact",
        "rev": "1943b3848e10f9824806c4a3a286fcaec22b4bb8",
        "type": "github"
      },
      "original": {
        "owner": "july541",
        "ref": "ghc-9.4",
        "repo": "apply-refact",
        "type": "github"
      }
    },
    "flake-compat": {
      "flake": false,
      "locked": {
        "lastModified": 1650374568,
        "narHash": "sha256-Z+s0J8/r907g149rllvwhb4pKi8Wam5ij0st8PwAh+E=",
        "owner": "edolstra",
        "repo": "flake-compat",
        "rev": "b4a34015c698c7793d592d66adbab377907a2be8",
        "type": "github"
      },
      "original": {
        "owner": "edolstra",
        "repo": "flake-compat",
        "type": "github"
      }
    },
    "flake-utils": {
      "locked": {
        "lastModified": 1659877975,
        "narHash": "sha256-zllb8aq3YO3h8B/U0/J1WBgAL8EX5yWf5pMj3G0NAmc=",
        "owner": "numtide",
        "repo": "flake-utils",
        "rev": "c0e246b9b83f637f4681389ecabcb2681b4f3af0",
        "type": "github"
      },
      "original": {
        "owner": "numtide",
        "repo": "flake-utils",
        "type": "github"
      }
    },
    "nixpkgs": {
      "locked": {
        "lastModified": 1668765800,
        "narHash": "sha256-rC40+/W6Hio7b/RsY8SvQPKNx4WqNcTgfYv8cUMAvJk=",
        "owner": "nixos",
        "repo": "nixpkgs",
        "rev": "52b2ac8ae18bbad4374ff0dd5aeee0fdf1aea739",
        "type": "github"
      },
      "original": {
        "owner": "nixos",
        "ref": "nixos-unstable",
        "repo": "nixpkgs",
        "type": "github"
      }
    },
    "root": {
      "inputs": {
        "apply-refact": "apply-refact",
        "flake-compat": "flake-compat",
        "flake-utils": "flake-utils",
        "nixpkgs": "nixpkgs",
        "slack-web": "slack-web"
      }
    },
    "slack-web": {
      "flake": false,
      "locked": {
        "lastModified": 1667948473,
        "narHash": "sha256-lcKl1GEh7NifS91BFQt7f+g7p0TYDstHPzfjglVXfsY=",
        "owner": "mercurytechnologies",
        "repo": "slack-web",
        "rev": "ffeccec09c642b71bf6fee4516e15335c8dfc123",
        "type": "github"
      },
      "original": {
        "owner": "mercurytechnologies",
        "repo": "slack-web",
        "type": "github"
      }
    }
  },
  "root": "root",
  "version": 7
}
